{
  "name": "client-test",
  "lockfileVersion": 3,
  "requires": true,
  "packages": {
    "": {
      "dependencies": {
        "fw_npm_test": "^1.0.17"
      }
    },
    "node_modules/fw_npm_test": {
      "version": "1.0.17",
      "resolved": "https://registry.npmjs.org/fw_npm_test/-/fw_npm_test-1.0.17.tgz",
      "integrity": "sha512-rS0jP7yLQ6WidvJ+9SYapM1vvYeA0T7cpQZxhiL/Ot2EiOo5IAORg4ZxthsyQH19+qsDOuktACmWEBsAb3Kmzg==",
      "license": "ISC",
      "bin": {
        "fw-test": "bin/fw-cli.js"
      }
    }
  }
}
